{
  "name": "fixture-app",
  "version": "1.0.0",
  "lockfileVersion": 3,
  "requires": true,
  "packages": {
    "": {
      "name": "fixture-app",
      "version": "1.0.0",
      "dependencies": {
        "a": "^1.0.0",
        "b": "^1.0.0",
        "c": "^1.0.0",
        "consumer": "^1.0.0",
        "consumer2": "^1.0.0",
        "d": "^1.0.0",
        "debug": "^4.0.0",
        "host": "^1.0.0",
        "ms": "^2.1.0",
        "plugin": "^1.0.0",
        "react": "^18.0.0",
        "unused-lib": "^1.0.0"
      }
    },
    "node_modules/a": {
      "version": "1.0.0",
      "dependencies": { "debug": "^4.0.0" }
    },
    "node_modules/a/node_modules/debug": { "version": "4.3.1" },
    "node_modules/b": {
      "version": "1.0.0",
      "dependencies": { "once": "^1.0.0" }
    },
    "node_modules/c": {
      "version": "1.0.0",
      "dependencies": { "once": "^1.0.0" }
    },
    "node_modules/c/node_modules/once": { "version": "1.3.3" },
    "node_modules/consumer": {
      "version": "1.0.0",
      "dependencies": { "host": "^1.0.0" },
      "peerDependencies": { "host": "1.2.0" }
    },
    "node_modules/consumer2": {
      "version": "1.0.0",
      "dependencies": { "host": "^1.0.0" },
      "peerDependencies": { "host": "1.1.0" }
    },
    "node_modules/consumer2/node_modules/host": { "version": "1.1.0" },
    "node_modules/d": {
      "version": "1.0.0",
      "dependencies": { "ms": "^2.0.0" }
    },
    "node_modules/d/node_modules/ms": { "version": "2.0.0" },
    "node_modules/debug": {
      "version": "4.3.4",
      "dependencies": { "ms": "^2.1.0" }
    },
    "node_modules/host": { "version": "1.2.0" },
    "node_modules/ms": { "version": "2.1.3" },
    "node_modules/once": { "version": "1.4.0" },
    "node_modules/plugin": {
      "version": "1.0.0",
      "dependencies": { "react": "^19.0.0" }
    },
    "node_modules/plugin/node_modules/react": { "version": "19.0.0" },
    "node_modules/react": { "version": "18.3.1" },
    "node_modules/unused-lib": { "version": "1.0.0" }
  }
}
